{
  "name": "dnm-react-smartcroppr",
  "version": "1.0.0",
  "lockfileVersion": 1,
  "requires": true,
  "dependencies": {
    "dnm-croppr": {
      "version": "2.5.1",
      "resolved": "https://registry.npmjs.org/dnm-croppr/-/dnm-croppr-2.5.1.tgz",
      "integrity": "sha512-np7wDgcre7QgCI1IYYs/D9q9pXEHV1aFgkhL0KcH7CCLYMLcsF2JuUrcsJ2kt6cJkhRgBl3UQiFaqIUngfsh5A=="
    },
    "dnm-smartcroppr": {
      "version": "1.1.2",
      "resolved": "https://registry.npmjs.org/dnm-smartcroppr/-/dnm-smartcroppr-1.1.2.tgz",
      "integrity": "sha512-9Lh70cYbFdmZCoYAF572ncJah2TOOI+0bawt8aaMdSe/iP2E60h3j25oWV/ri/NotmgwKZB1Wvj9Jhv78ut3YQ==",
      "requires": {
        "dnm-croppr": "^2.5.1",
        "smartcrop": "^2.0.3"
      }
    },
    "smartcrop": {
      "version": "2.0.3",
      "resolved": "https://registry.npmjs.org/smartcrop/-/smartcrop-2.0.3.tgz",
      "integrity": "sha512-EXkHPLf24H6KrYwCnUY+Y9ll+OPmFjmGc7wxiTfuUXt+WBXGTYR3qN5F3Df1Pk0TF/3rHCtOmPLQrvQ+QQOBWQ=="
    }
  }
}
